{
  "name": "jenni-ai-code-challenge",
  "lockfileVersion": 3,
  "requires": true,
  "packages": {
    "": {
      "dependencies": {
        "ot-text": "^1.0.2"
      }
    },
    "node_modules/ot-text": {
      "version": "1.0.2",
      "resolved": "https://registry.npmjs.org/ot-text/-/ot-text-1.0.2.tgz",
      "integrity": "sha512-1xjcAjB57tYtv722j8J+IaYe4fKZOeaQ3zDa0clUlkhboawrq+dk1cpDfe4+TBSb9NNe7Yra9+tJKsw+8q4H9A=="
    }
  }
}
